// !$*UTF8*$!
{
	archiveVersion = 1;
	classes = {
	};
	objectVersion = 50;
	objects = {

/* Begin PBXBuildFile section */
		F10A477E259A877E00DDD780 /* VehicleSectionDetail.swift in Sources */ = {isa = PBXBuildFile; fileRef = F10A477D259A877E00DDD780 /* VehicleSectionDetail.swift */; };
		F10A477F259A877E00DDD780 /* VehicleSectionDetail.swift in Sources */ = {isa = PBXBuildFile; fileRef = F10A477D259A877E00DDD780 /* VehicleSectionDetail.swift */; };
		F10A5AAA2593972E0015BD0F /* SwiftUI_POCApp.swift in Sources */ = {isa = PBXBuildFile; fileRef = F10A5A972593972E0015BD0F /* SwiftUI_POCApp.swift */; };
		F10A5AAB2593972E0015BD0F /* SwiftUI_POCApp.swift in Sources */ = {isa = PBXBuildFile; fileRef = F10A5A972593972E0015BD0F /* SwiftUI_POCApp.swift */; };
		F10A5AAC2593972E0015BD0F /* ContentView.swift in Sources */ = {isa = PBXBuildFile; fileRef = F10A5A982593972E0015BD0F /* ContentView.swift */; };
		F10A5AAD2593972E0015BD0F /* ContentView.swift in Sources */ = {isa = PBXBuildFile; fileRef = F10A5A982593972E0015BD0F /* ContentView.swift */; };
		F10A5AAE2593972E0015BD0F /* Assets.xcassets in Resources */ = {isa = PBXBuildFile; fileRef = F10A5A992593972E0015BD0F /* Assets.xcassets */; };
		F10A5AAF2593972E0015BD0F /* Assets.xcassets in Resources */ = {isa = PBXBuildFile; fileRef = F10A5A992593972E0015BD0F /* Assets.xcassets */; };
		F10A5ABD2594F8AB0015BD0F /* VehicleRow.swift in Sources */ = {isa = PBXBuildFile; fileRef = F10A5ABC2594F8AB0015BD0F /* VehicleRow.swift */; };
		F10A5ABE2594F8AB0015BD0F /* VehicleRow.swift in Sources */ = {isa = PBXBuildFile; fileRef = F10A5ABC2594F8AB0015BD0F /* VehicleRow.swift */; };
		F10A5AC2259501340015BD0F /* VehiclesView.swift in Sources */ = {isa = PBXBuildFile; fileRef = F10A5AC1259501340015BD0F /* VehiclesView.swift */; };
		F10A5AC3259501340015BD0F /* VehiclesView.swift in Sources */ = {isa = PBXBuildFile; fileRef = F10A5AC1259501340015BD0F /* VehiclesView.swift */; };
		F10A5AC7259516E10015BD0F /* SideBar.swift in Sources */ = {isa = PBXBuildFile; fileRef = F10A5AC6259516E10015BD0F /* SideBar.swift */; };
		F10A5AC8259516E10015BD0F /* SideBar.swift in Sources */ = {isa = PBXBuildFile; fileRef = F10A5AC6259516E10015BD0F /* SideBar.swift */; };
		F10A5AD0259676BD0015BD0F /* VehicleItem.swift in Sources */ = {isa = PBXBuildFile; fileRef = F10A5ACF259676BD0015BD0F /* VehicleItem.swift */; };
		F10A5AD1259676BD0015BD0F /* VehicleItem.swift in Sources */ = {isa = PBXBuildFile; fileRef = F10A5ACF259676BD0015BD0F /* VehicleItem.swift */; };
		F10A5ADB259679820015BD0F /* VehicleList.swift in Sources */ = {isa = PBXBuildFile; fileRef = F10A5ADA259679820015BD0F /* VehicleList.swift */; };
		F10A5ADC259679820015BD0F /* VehicleList.swift in Sources */ = {isa = PBXBuildFile; fileRef = F10A5ADA259679820015BD0F /* VehicleList.swift */; };
		F1BA289C2596BEBA0073EA2D /* Vehicle.swift in Sources */ = {isa = PBXBuildFile; fileRef = F1BA289B2596BEBA0073EA2D /* Vehicle.swift */; };
		F1BA289D2596BEBA0073EA2D /* Vehicle.swift in Sources */ = {isa = PBXBuildFile; fileRef = F1BA289B2596BEBA0073EA2D /* Vehicle.swift */; };
		F1BA28AA2597A6140073EA2D /* CloseButton.swift in Sources */ = {isa = PBXBuildFile; fileRef = F1BA28A92597A6140073EA2D /* CloseButton.swift */; };
		F1BA28AB2597A6140073EA2D /* CloseButton.swift in Sources */ = {isa = PBXBuildFile; fileRef = F1BA28A92597A6140073EA2D /* CloseButton.swift */; };
		F1BA28C72597B5FE0073EA2D /* VehicleDetail.swift in Sources */ = {isa = PBXBuildFile; fileRef = F1BA28C62597B5FE0073EA2D /* VehicleDetail.swift */; };
		F1BA28C82597B5FE0073EA2D /* VehicleDetail.swift in Sources */ = {isa = PBXBuildFile; fileRef = F1BA28C62597B5FE0073EA2D /* VehicleDetail.swift */; };
		F1BA28D22598FB5D0073EA2D /* GradientModel.swift in Sources */ = {isa = PBXBuildFile; fileRef = F1BA28CB2598FB5C0073EA2D /* GradientModel.swift */; };
		F1BA28D32598FB5D0073EA2D /* GradientModel.swift in Sources */ = {isa = PBXBuildFile; fileRef = F1BA28CB2598FB5C0073EA2D /* GradientModel.swift */; };
		F1BA28D42598FB5D0073EA2D /* VehicleSection.swift in Sources */ = {isa = PBXBuildFile; fileRef = F1BA28CC2598FB5C0073EA2D /* VehicleSection.swift */; };
		F1BA28D52598FB5D0073EA2D /* VehicleSection.swift in Sources */ = {isa = PBXBuildFile; fileRef = F1BA28CC2598FB5C0073EA2D /* VehicleSection.swift */; };
		F1BA28D62598FB5D0073EA2D /* Download.swift in Sources */ = {isa = PBXBuildFile; fileRef = F1BA28CD2598FB5C0073EA2D /* Download.swift */; };
		F1BA28D72598FB5D0073EA2D /* Download.swift in Sources */ = {isa = PBXBuildFile; fileRef = F1BA28CD2598FB5C0073EA2D /* Download.swift */; };
		F1BA28D82598FB5D0073EA2D /* LivestreamSection.swift in Sources */ = {isa = PBXBuildFile; fileRef = F1BA28CE2598FB5C0073EA2D /* LivestreamSection.swift */; };
		F1BA28D92598FB5D0073EA2D /* LivestreamSection.swift in Sources */ = {isa = PBXBuildFile; fileRef = F1BA28CE2598FB5C0073EA2D /* LivestreamSection.swift */; };
		F1BA28DA2598FB5D0073EA2D /* Livestream.swift in Sources */ = {isa = PBXBuildFile; fileRef = F1BA28CF2598FB5C0073EA2D /* Livestream.swift */; };
		F1BA28DB2598FB5D0073EA2D /* Livestream.swift in Sources */ = {isa = PBXBuildFile; fileRef = F1BA28CF2598FB5C0073EA2D /* Livestream.swift */; };
		F1BA28DC2598FB5D0073EA2D /* TutorialSection.swift in Sources */ = {isa = PBXBuildFile; fileRef = F1BA28D02598FB5C0073EA2D /* TutorialSection.swift */; };
		F1BA28DD2598FB5D0073EA2D /* TutorialSection.swift in Sources */ = {isa = PBXBuildFile; fileRef = F1BA28D02598FB5C0073EA2D /* TutorialSection.swift */; };
		F1BA28DE2598FB5D0073EA2D /* Tutorial.swift in Sources */ = {isa = PBXBuildFile; fileRef = F1BA28D12598FB5C0073EA2D /* Tutorial.swift */; };
		F1BA28DF2598FB5D0073EA2D /* Tutorial.swift in Sources */ = {isa = PBXBuildFile; fileRef = F1BA28D12598FB5C0073EA2D /* Tutorial.swift */; };
		F1BA28E7259A4B670073EA2D /* VisualEffectBlur.swift in Sources */ = {isa = PBXBuildFile; fileRef = F1BA28E6259A4B670073EA2D /* VisualEffectBlur.swift */; };
		F1BA28EE259A6B940073EA2D /* TabBar.swift in Sources */ = {isa = PBXBuildFile; fileRef = F1BA28ED259A6B940073EA2D /* TabBar.swift */; };
		F1CFBCD5259CDC7E005FB19C /* LibraryContent.swift in Sources */ = {isa = PBXBuildFile; fileRef = F1CFBCD4259CDC7E005FB19C /* LibraryContent.swift */; };
		F1CFBCD6259CDC7E005FB19C /* LibraryContent.swift in Sources */ = {isa = PBXBuildFile; fileRef = F1CFBCD4259CDC7E005FB19C /* LibraryContent.swift */; };
/* End PBXBuildFile section */

/* Begin PBXFileReference section */
		F10A477D259A877E00DDD780 /* VehicleSectionDetail.swift */ = {isa = PBXFileReference; lastKnownFileType = sourcecode.swift; path = VehicleSectionDetail.swift; sourceTree = "<group>"; };
		F10A5A972593972E0015BD0F /* SwiftUI_POCApp.swift */ = {isa = PBXFileReference; lastKnownFileType = sourcecode.swift; path = SwiftUI_POCApp.swift; sourceTree = "<group>"; };
		F10A5A982593972E0015BD0F /* ContentView.swift */ = {isa = PBXFileReference; lastKnownFileType = sourcecode.swift; path = ContentView.swift; sourceTree = "<group>"; };
		F10A5A992593972E0015BD0F /* Assets.xcassets */ = {isa = PBXFileReference; lastKnownFileType = folder.assetcatalog; path = Assets.xcassets; sourceTree = "<group>"; };
		F10A5A9E2593972E0015BD0F /* SwiftUI_POC.app */ = {isa = PBXFileReference; explicitFileType = wrapper.application; includeInIndex = 0; path = SwiftUI_POC.app; sourceTree = BUILT_PRODUCTS_DIR; };
		F10A5AA12593972E0015BD0F /* Info.plist */ = {isa = PBXFileReference; lastKnownFileType = text.plist.xml; path = Info.plist; sourceTree = "<group>"; };
		F10A5AA62593972E0015BD0F /* SwiftUI_POC.app */ = {isa = PBXFileReference; explicitFileType = wrapper.application; includeInIndex = 0; path = SwiftUI_POC.app; sourceTree = BUILT_PRODUCTS_DIR; };
		F10A5AA82593972E0015BD0F /* Info.plist */ = {isa = PBXFileReference; lastKnownFileType = text.plist.xml; path = Info.plist; sourceTree = "<group>"; };
		F10A5AA92593972E0015BD0F /* macOS.entitlements */ = {isa = PBXFileReference; lastKnownFileType = text.plist.entitlements; path = macOS.entitlements; sourceTree = "<group>"; };
		F10A5ABC2594F8AB0015BD0F /* VehicleRow.swift */ = {isa = PBXFileReference; lastKnownFileType = sourcecode.swift; path = VehicleRow.swift; sourceTree = "<group>"; };
		F10A5AC1259501340015BD0F /* VehiclesView.swift */ = {isa = PBXFileReference; lastKnownFileType = sourcecode.swift; path = VehiclesView.swift; sourceTree = "<group>"; };
		F10A5AC6259516E10015BD0F /* SideBar.swift */ = {isa = PBXFileReference; lastKnownFileType = sourcecode.swift; path = SideBar.swift; sourceTree = "<group>"; };
		F10A5ACF259676BD0015BD0F /* VehicleItem.swift */ = {isa = PBXFileReference; lastKnownFileType = sourcecode.swift; path = VehicleItem.swift; sourceTree = "<group>"; };
		F10A5ADA259679820015BD0F /* VehicleList.swift */ = {isa = PBXFileReference; lastKnownFileType = sourcecode.swift; path = VehicleList.swift; sourceTree = "<group>"; };
		F1BA289B2596BEBA0073EA2D /* Vehicle.swift */ = {isa = PBXFileReference; lastKnownFileType = sourcecode.swift; path = Vehicle.swift; sourceTree = "<group>"; };
		F1BA28A92597A6140073EA2D /* CloseButton.swift */ = {isa = PBXFileReference; lastKnownFileType = sourcecode.swift; path = CloseButton.swift; sourceTree = "<group>"; };
		F1BA28C62597B5FE0073EA2D /* VehicleDetail.swift */ = {isa = PBXFileReference; lastKnownFileType = sourcecode.swift; path = VehicleDetail.swift; sourceTree = "<group>"; };
		F1BA28CB2598FB5C0073EA2D /* GradientModel.swift */ = {isa = PBXFileReference; fileEncoding = 4; lastKnownFileType = sourcecode.swift; path = GradientModel.swift; sourceTree = "<group>"; };
		F1BA28CC2598FB5C0073EA2D /* VehicleSection.swift */ = {isa = PBXFileReference; fileEncoding = 4; lastKnownFileType = sourcecode.swift; path = VehicleSection.swift; sourceTree = "<group>"; };
		F1BA28CD2598FB5C0073EA2D /* Download.swift */ = {isa = PBXFileReference; fileEncoding = 4; lastKnownFileType = sourcecode.swift; path = Download.swift; sourceTree = "<group>"; };
		F1BA28CE2598FB5C0073EA2D /* LivestreamSection.swift */ = {isa = PBXFileReference; fileEncoding = 4; lastKnownFileType = sourcecode.swift; path = LivestreamSection.swift; sourceTree = "<group>"; };
		F1BA28CF2598FB5C0073EA2D /* Livestream.swift */ = {isa = PBXFileReference; fileEncoding = 4; lastKnownFileType = sourcecode.swift; path = Livestream.swift; sourceTree = "<group>"; };
		F1BA28D02598FB5C0073EA2D /* TutorialSection.swift */ = {isa = PBXFileReference; fileEncoding = 4; lastKnownFileType = sourcecode.swift; path = TutorialSection.swift; sourceTree = "<group>"; };
		F1BA28D12598FB5C0073EA2D /* Tutorial.swift */ = {isa = PBXFileReference; fileEncoding = 4; lastKnownFileType = sourcecode.swift; path = Tutorial.swift; sourceTree = "<group>"; };
		F1BA28E6259A4B670073EA2D /* VisualEffectBlur.swift */ = {isa = PBXFileReference; fileEncoding = 4; lastKnownFileType = sourcecode.swift; path = VisualEffectBlur.swift; sourceTree = "<group>"; };
		F1BA28ED259A6B940073EA2D /* TabBar.swift */ = {isa = PBXFileReference; lastKnownFileType = sourcecode.swift; path = TabBar.swift; sourceTree = "<group>"; };
		F1CFBCD4259CDC7E005FB19C /* LibraryContent.swift */ = {isa = PBXFileReference; lastKnownFileType = sourcecode.swift; path = LibraryContent.swift; sourceTree = "<group>"; };
/* End PBXFileReference section */

/* Begin PBXFrameworksBuildPhase section */
		F10A5A9B2593972E0015BD0F /* Frameworks */ = {
			isa = PBXFrameworksBuildPhase;
			buildActionMask = 2147483647;
			files = (
			);
			runOnlyForDeploymentPostprocessing = 0;
		};
		F10A5AA32593972E0015BD0F /* Frameworks */ = {
			isa = PBXFrameworksBuildPhase;
			buildActionMask = 2147483647;
			files = (
			);
			runOnlyForDeploymentPostprocessing = 0;
		};
/* End PBXFrameworksBuildPhase section */

/* Begin PBXGroup section */
		F10A5A912593972E0015BD0F = {
			isa = PBXGroup;
			children = (
				F10A5A962593972E0015BD0F /* Shared */,
				F10A5AA02593972E0015BD0F /* iOS */,
				F10A5AA72593972E0015BD0F /* macOS */,
				F10A5A9F2593972E0015BD0F /* Products */,
			);
			sourceTree = "<group>";
		};
		F10A5A962593972E0015BD0F /* Shared */ = {
			isa = PBXGroup;
			children = (
				F10A5A972593972E0015BD0F /* SwiftUI_POCApp.swift */,
				F1BA28A22596CA710073EA2D /* Model */,
				F10A5AC1259501340015BD0F /* VehiclesView.swift */,
				F1BA28C62597B5FE0073EA2D /* VehicleDetail.swift */,
				F10A477D259A877E00DDD780 /* VehicleSectionDetail.swift */,
				F1BA28A92597A6140073EA2D /* CloseButton.swift */,
				F10A5ADA259679820015BD0F /* VehicleList.swift */,
				F10A5ACC2596750C0015BD0F /* List Items */,
				F10A5ACB259674F20015BD0F /* Navigation */,
				F10A5A992593972E0015BD0F /* Assets.xcassets */,
			);
			path = Shared;
			sourceTree = "<group>";
		};
		F10A5A9F2593972E0015BD0F /* Products */ = {
			isa = PBXGroup;
			children = (
				F10A5A9E2593972E0015BD0F /* SwiftUI_POC.app */,
				F10A5AA62593972E0015BD0F /* SwiftUI_POC.app */,
			);
			name = Products;
			sourceTree = "<group>";
		};
		F10A5AA02593972E0015BD0F /* iOS */ = {
			isa = PBXGroup;
			children = (
				F1BA28E6259A4B670073EA2D /* VisualEffectBlur.swift */,
				F10A5AA12593972E0015BD0F /* Info.plist */,
			);
			path = iOS;
			sourceTree = "<group>";
		};
		F10A5AA72593972E0015BD0F /* macOS */ = {
			isa = PBXGroup;
			children = (
				F10A5AA82593972E0015BD0F /* Info.plist */,
				F10A5AA92593972E0015BD0F /* macOS.entitlements */,
			);
			path = macOS;
			sourceTree = "<group>";
		};
		F10A5ACB259674F20015BD0F /* Navigation */ = {
			isa = PBXGroup;
			children = (
				F10A5A982593972E0015BD0F /* ContentView.swift */,
				F1BA28ED259A6B940073EA2D /* TabBar.swift */,
				F10A5AC6259516E10015BD0F /* SideBar.swift */,
				F1CFBCD4259CDC7E005FB19C /* LibraryContent.swift */,
			);
			path = Navigation;
			sourceTree = "<group>";
		};
		F10A5ACC2596750C0015BD0F /* List Items */ = {
			isa = PBXGroup;
			children = (
				F10A5ABC2594F8AB0015BD0F /* VehicleRow.swift */,
				F10A5ACF259676BD0015BD0F /* VehicleItem.swift */,
			);
			path = "List Items";
			sourceTree = "<group>";
		};
		F1BA28A22596CA710073EA2D /* Model */ = {
			isa = PBXGroup;
			children = (
				F1BA289B2596BEBA0073EA2D /* Vehicle.swift */,
				F1BA28CC2598FB5C0073EA2D /* VehicleSection.swift */,
				F1BA28CD2598FB5C0073EA2D /* Download.swift */,
				F1BA28CB2598FB5C0073EA2D /* GradientModel.swift */,
				F1BA28CF2598FB5C0073EA2D /* Livestream.swift */,
				F1BA28CE2598FB5C0073EA2D /* LivestreamSection.swift */,
				F1BA28D12598FB5C0073EA2D /* Tutorial.swift */,
				F1BA28D02598FB5C0073EA2D /* TutorialSection.swift */,
			);
			path = Model;
			sourceTree = "<group>";
		};
/* End PBXGroup section */

/* Begin PBXNativeTarget section */
		F10A5A9D2593972E0015BD0F /* SwiftUI_POC (iOS) */ = {
			isa = PBXNativeTarget;
			buildConfigurationList = F10A5AB22593972E0015BD0F /* Build configuration list for PBXNativeTarget "SwiftUI_POC (iOS)" */;
			buildPhases = (
				F10A5A9A2593972E0015BD0F /* Sources */,
				F10A5A9B2593972E0015BD0F /* Frameworks */,
				F10A5A9C2593972E0015BD0F /* Resources */,
			);
			buildRules = (
			);
			dependencies = (
			);
			name = "SwiftUI_POC (iOS)";
			productName = "SwiftUI_POC (iOS)";
			productReference = F10A5A9E2593972E0015BD0F /* SwiftUI_POC.app */;
			productType = "com.apple.product-type.application";
		};
		F10A5AA52593972E0015BD0F /* SwiftUI_POC (macOS) */ = {
			isa = PBXNativeTarget;
			buildConfigurationList = F10A5AB52593972E0015BD0F /* Build configuration list for PBXNativeTarget "SwiftUI_POC (macOS)" */;
			buildPhases = (
				F10A5AA22593972E0015BD0F /* Sources */,
				F10A5AA32593972E0015BD0F /* Frameworks */,
				F10A5AA42593972E0015BD0F /* Resources */,
			);
			buildRules = (
			);
			dependencies = (
			);
			name = "SwiftUI_POC (macOS)";
			productName = "SwiftUI_POC (macOS)";
			productReference = F10A5AA62593972E0015BD0F /* SwiftUI_POC.app */;
			productType = "com.apple.product-type.application";
		};
/* End PBXNativeTarget section */

/* Begin PBXProject section */
		F10A5A922593972E0015BD0F /* Project object */ = {
			isa = PBXProject;
			attributes = {
				LastSwiftUpdateCheck = 1220;
				LastUpgradeCheck = 1220;
				TargetAttributes = {
					F10A5A9D2593972E0015BD0F = {
						CreatedOnToolsVersion = 12.2;
					};
					F10A5AA52593972E0015BD0F = {
						CreatedOnToolsVersion = 12.2;
					};
				};
			};
			buildConfigurationList = F10A5A952593972E0015BD0F /* Build configuration list for PBXProject "SwiftUI_POC" */;
			compatibilityVersion = "Xcode 9.3";
			developmentRegion = en;
			hasScannedForEncodings = 0;
			knownRegions = (
				en,
				Base,
			);
			mainGroup = F10A5A912593972E0015BD0F;
			productRefGroup = F10A5A9F2593972E0015BD0F /* Products */;
			projectDirPath = "";
			projectRoot = "";
			targets = (
				F10A5A9D2593972E0015BD0F /* SwiftUI_POC (iOS) */,
				F10A5AA52593972E0015BD0F /* SwiftUI_POC (macOS) */,
			);
		};
/* End PBXProject section */

/* Begin PBXResourcesBuildPhase section */
		F10A5A9C2593972E0015BD0F /* Resources */ = {
			isa = PBXResourcesBuildPhase;
			buildActionMask = 2147483647;
			files = (
				F10A5AAE2593972E0015BD0F /* Assets.xcassets in Resources */,
			);
			runOnlyForDeploymentPostprocessing = 0;
		};
		F10A5AA42593972E0015BD0F /* Resources */ = {
			isa = PBXResourcesBuildPhase;
			buildActionMask = 2147483647;
			files = (
				F10A5AAF2593972E0015BD0F /* Assets.xcassets in Resources */,
			);
			runOnlyForDeploymentPostprocessing = 0;
		};
/* End PBXResourcesBuildPhase section */

/* Begin PBXSourcesBuildPhase section */
		F10A5A9A2593972E0015BD0F /* Sources */ = {
			isa = PBXSourcesBuildPhase;
			buildActionMask = 2147483647;
			files = (
				F10A5AC7259516E10015BD0F /* SideBar.swift in Sources */,
				F10A477E259A877E00DDD780 /* VehicleSectionDetail.swift in Sources */,
				F10A5ADB259679820015BD0F /* VehicleList.swift in Sources */,
				F1BA28EE259A6B940073EA2D /* TabBar.swift in Sources */,
				F1BA28DE2598FB5D0073EA2D /* Tutorial.swift in Sources */,
				F10A5AAC2593972E0015BD0F /* ContentView.swift in Sources */,
				F1BA28C72597B5FE0073EA2D /* VehicleDetail.swift in Sources */,
				F1BA28D42598FB5D0073EA2D /* VehicleSection.swift in Sources */,
				F1BA28AA2597A6140073EA2D /* CloseButton.swift in Sources */,
				F10A5ABD2594F8AB0015BD0F /* VehicleRow.swift in Sources */,
				F1BA289C2596BEBA0073EA2D /* Vehicle.swift in Sources */,
				F10A5AD0259676BD0015BD0F /* VehicleItem.swift in Sources */,
				F1BA28DC2598FB5D0073EA2D /* TutorialSection.swift in Sources */,
				F10A5AAA2593972E0015BD0F /* SwiftUI_POCApp.swift in Sources */,
				F1BA28DA2598FB5D0073EA2D /* Livestream.swift in Sources */,
				F1BA28D22598FB5D0073EA2D /* GradientModel.swift in Sources */,
				F1BA28D82598FB5D0073EA2D /* LivestreamSection.swift in Sources */,
				F1BA28E7259A4B670073EA2D /* VisualEffectBlur.swift in Sources */,
				F10A5AC2259501340015BD0F /* VehiclesView.swift in Sources */,
				F1CFBCD5259CDC7E005FB19C /* LibraryContent.swift in Sources */,
				F1BA28D62598FB5D0073EA2D /* Download.swift in Sources */,
			);
			runOnlyForDeploymentPostprocessing = 0;
		};
		F10A5AA22593972E0015BD0F /* Sources */ = {
			isa = PBXSourcesBuildPhase;
			buildActionMask = 2147483647;
			files = (
				F10A5AC8259516E10015BD0F /* SideBar.swift in Sources */,
				F10A5ADC259679820015BD0F /* VehicleList.swift in Sources */,
				F1BA28DF2598FB5D0073EA2D /* Tutorial.swift in Sources */,
				F10A5AAD2593972E0015BD0F /* ContentView.swift in Sources */,
				F1BA28C82597B5FE0073EA2D /* VehicleDetail.swift in Sources */,
				F1BA28D52598FB5D0073EA2D /* VehicleSection.swift in Sources */,
				F1BA28AB2597A6140073EA2D /* CloseButton.swift in Sources */,
				F10A5ABE2594F8AB0015BD0F /* VehicleRow.swift in Sources */,
				F1BA289D2596BEBA0073EA2D /* Vehicle.swift in Sources */,
				F10A5AD1259676BD0015BD0F /* VehicleItem.swift in Sources */,
				F1BA28DD2598FB5D0073EA2D /* TutorialSection.swift in Sources */,
				F10A5AAB2593972E0015BD0F /* SwiftUI_POCApp.swift in Sources */,
				F1BA28DB2598FB5D0073EA2D /* Livestream.swift in Sources */,
				F1CFBCD6259CDC7E005FB19C /* LibraryContent.swift in Sources */,
				F1BA28D32598FB5D0073EA2D /* GradientModel.swift in Sources */,
				F1BA28D92598FB5D0073EA2D /* LivestreamSection.swift in Sources */,
				F10A5AC3259501340015BD0F /* VehiclesView.swift in Sources */,
				F1BA28D72598FB5D0073EA2D /* Download.swift in Sources */,
				F10A477F259A877E00DDD780 /* VehicleSectionDetail.swift in Sources */,
			);
			runOnlyForDeploymentPostprocessing = 0;
		};
/* End PBXSourcesBuildPhase section */

/* Begin XCBuildConfiguration section */
		F10A5AB02593972E0015BD0F /* Debug */ = {
			isa = XCBuildConfiguration;
			buildSettings = {
				ALWAYS_SEARCH_USER_PATHS = NO;
				CLANG_ANALYZER_NONNULL = YES;
				CLANG_ANALYZER_NUMBER_OBJECT_CONVERSION = YES_AGGRESSIVE;
				CLANG_CXX_LANGUAGE_STANDARD = "gnu++14";
				CLANG_CXX_LIBRARY = "libc++";
				CLANG_ENABLE_MODULES = YES;
				CLANG_ENABLE_OBJC_ARC = YES;
				CLANG_ENABLE_OBJC_WEAK = YES;
				CLANG_WARN_BLOCK_CAPTURE_AUTORELEASING = YES;
				CLANG_WARN_BOOL_CONVERSION = YES;
				CLANG_WARN_COMMA = YES;
				CLANG_WARN_CONSTANT_CONVERSION = YES;
				CLANG_WARN_DEPRECATED_OBJC_IMPLEMENTATIONS = YES;
				CLANG_WARN_DIRECT_OBJC_ISA_USAGE = YES_ERROR;
				CLANG_WARN_DOCUMENTATION_COMMENTS = YES;
				CLANG_WARN_EMPTY_BODY = YES;
				CLANG_WARN_ENUM_CONVERSION = YES;
				CLANG_WARN_INFINITE_RECURSION = YES;
				CLANG_WARN_INT_CONVERSION = YES;
				CLANG_WARN_NON_LITERAL_NULL_CONVERSION = YES;
				CLANG_WARN_OBJC_IMPLICIT_RETAIN_SELF = YES;
				CLANG_WARN_OBJC_LITERAL_CONVERSION = YES;
				CLANG_WARN_OBJC_ROOT_CLASS = YES_ERROR;
				CLANG_WARN_QUOTED_INCLUDE_IN_FRAMEWORK_HEADER = YES;
				CLANG_WARN_RANGE_LOOP_ANALYSIS = YES;
				CLANG_WARN_STRICT_PROTOTYPES = YES;
				CLANG_WARN_SUSPICIOUS_MOVE = YES;
				CLANG_WARN_UNGUARDED_AVAILABILITY = YES_AGGRESSIVE;
				CLANG_WARN_UNREACHABLE_CODE = YES;
				CLANG_WARN__DUPLICATE_METHOD_MATCH = YES;
				COPY_PHASE_STRIP = NO;
				DEBUG_INFORMATION_FORMAT = dwarf;
				ENABLE_STRICT_OBJC_MSGSEND = YES;
				ENABLE_TESTABILITY = YES;
				GCC_C_LANGUAGE_STANDARD = gnu11;
				GCC_DYNAMIC_NO_PIC = NO;
				GCC_NO_COMMON_BLOCKS = YES;
				GCC_OPTIMIZATION_LEVEL = 0;
				GCC_PREPROCESSOR_DEFINITIONS = (
					"DEBUG=1",
					"$(inherited)",
				);
				GCC_WARN_64_TO_32_BIT_CONVERSION = YES;
				GCC_WARN_ABOUT_RETURN_TYPE = YES_ERROR;
				GCC_WARN_UNDECLARED_SELECTOR = YES;
				GCC_WARN_UNINITIALIZED_AUTOS = YES_AGGRESSIVE;
				GCC_WARN_UNUSED_FUNCTION = YES;
				GCC_WARN_UNUSED_VARIABLE = YES;
				MTL_ENABLE_DEBUG_INFO = INCLUDE_SOURCE;
				MTL_FAST_MATH = YES;
				ONLY_ACTIVE_ARCH = YES;
				SWIFT_ACTIVE_COMPILATION_CONDITIONS = DEBUG;
				SWIFT_OPTIMIZATION_LEVEL = "-Onone";
			};
			name = Debug;
		};
		F10A5AB12593972E0015BD0F /* Release */ = {
			isa = XCBuildConfiguration;
			buildSettings = {
				ALWAYS_SEARCH_USER_PATHS = NO;
				CLANG_ANALYZER_NONNULL = YES;
				CLANG_ANALYZER_NUMBER_OBJECT_CONVERSION = YES_AGGRESSIVE;
				CLANG_CXX_LANGUAGE_STANDARD = "gnu++14";
				CLANG_CXX_LIBRARY = "libc++";
				CLANG_ENABLE_MODULES = YES;
				CLANG_ENABLE_OBJC_ARC = YES;
				CLANG_ENABLE_OBJC_WEAK = YES;
				CLANG_WARN_BLOCK_CAPTURE_AUTORELEASING = YES;
				CLANG_WARN_BOOL_CONVERSION = YES;
				CLANG_WARN_COMMA = YES;
				CLANG_WARN_CONSTANT_CONVERSION = YES;
				CLANG_WARN_DEPRECATED_OBJC_IMPLEMENTATIONS = YES;
				CLANG_WARN_DIRECT_OBJC_ISA_USAGE = YES_ERROR;
				CLANG_WARN_DOCUMENTATION_COMMENTS = YES;
				CLANG_WARN_EMPTY_BODY = YES;
				CLANG_WARN_ENUM_CONVERSION = YES;
				CLANG_WARN_INFINITE_RECURSION = YES;
				CLANG_WARN_INT_CONVERSION = YES;
				CLANG_WARN_NON_LITERAL_NULL_CONVERSION = YES;
				CLANG_WARN_OBJC_IMPLICIT_RETAIN_SELF = YES;
				CLANG_WARN_OBJC_LITERAL_CONVERSION = YES;
				CLANG_WARN_OBJC_ROOT_CLASS = YES_ERROR;
				CLANG_WARN_QUOTED_INCLUDE_IN_FRAMEWORK_HEADER = YES;
				CLANG_WARN_RANGE_LOOP_ANALYSIS = YES;
				CLANG_WARN_STRICT_PROTOTYPES = YES;
				CLANG_WARN_SUSPICIOUS_MOVE = YES;
				CLANG_WARN_UNGUARDED_AVAILABILITY = YES_AGGRESSIVE;
				CLANG_WARN_UNREACHABLE_CODE = YES;
				CLANG_WARN__DUPLICATE_METHOD_MATCH = YES;
				COPY_PHASE_STRIP = NO;
				DEBUG_INFORMATION_FORMAT = "dwarf-with-dsym";
				ENABLE_NS_ASSERTIONS = NO;
				ENABLE_STRICT_OBJC_MSGSEND = YES;
				GCC_C_LANGUAGE_STANDARD = gnu11;
				GCC_NO_COMMON_BLOCKS = YES;
				GCC_WARN_64_TO_32_BIT_CONVERSION = YES;
				GCC_WARN_ABOUT_RETURN_TYPE = YES_ERROR;
				GCC_WARN_UNDECLARED_SELECTOR = YES;
				GCC_WARN_UNINITIALIZED_AUTOS = YES_AGGRESSIVE;
				GCC_WARN_UNUSED_FUNCTION = YES;
				GCC_WARN_UNUSED_VARIABLE = YES;
				MTL_ENABLE_DEBUG_INFO = NO;
				MTL_FAST_MATH = YES;
				SWIFT_COMPILATION_MODE = wholemodule;
				SWIFT_OPTIMIZATION_LEVEL = "-O";
			};
			name = Release;
		};
		F10A5AB32593972E0015BD0F /* Debug */ = {
			isa = XCBuildConfiguration;
			buildSettings = {
				ASSETCATALOG_COMPILER_APPICON_NAME = AppIcon;
				ASSETCATALOG_COMPILER_GLOBAL_ACCENT_COLOR_NAME = AccentColor;
				CODE_SIGN_IDENTITY = "Apple Development";
				CODE_SIGN_STYLE = Automatic;
				DEVELOPMENT_TEAM = V8ESMM36RY;
				ENABLE_PREVIEWS = YES;
				INFOPLIST_FILE = iOS/Info.plist;
				IPHONEOS_DEPLOYMENT_TARGET = 14.0;
				LD_RUNPATH_SEARCH_PATHS = (
					"$(inherited)",
					"@executable_path/Frameworks",
				);
				PRODUCT_BUNDLE_IDENTIFIER = "com.test.SwiftUI-POC";
				PRODUCT_NAME = SwiftUI_POC;
				PROVISIONING_PROFILE_SPECIFIER = "";
				SDKROOT = iphoneos;
				SWIFT_VERSION = 5.0;
				TARGETED_DEVICE_FAMILY = "1,2";
			};
			name = Debug;
		};
		F10A5AB42593972E0015BD0F /* Release */ = {
			isa = XCBuildConfiguration;
			buildSettings = {
				ASSETCATALOG_COMPILER_APPICON_NAME = AppIcon;
				ASSETCATALOG_COMPILER_GLOBAL_ACCENT_COLOR_NAME = AccentColor;
				CODE_SIGN_IDENTITY = "Apple Development";
				CODE_SIGN_STYLE = Automatic;
				DEVELOPMENT_TEAM = V8ESMM36RY;
				ENABLE_PREVIEWS = YES;
				INFOPLIST_FILE = iOS/Info.plist;
				IPHONEOS_DEPLOYMENT_TARGET = 14.0;
				LD_RUNPATH_SEARCH_PATHS = (
					"$(inherited)",
					"@executable_path/Frameworks",
				);
				PRODUCT_BUNDLE_IDENTIFIER = "com.test.SwiftUI-POC";
				PRODUCT_NAME = SwiftUI_POC;
				PROVISIONING_PROFILE_SPECIFIER = "";
				SDKROOT = iphoneos;
				SWIFT_VERSION = 5.0;
				TARGETED_DEVICE_FAMILY = "1,2";
				VALIDATE_PRODUCT = YES;
			};
			name = Release;
		};
		F10A5AB62593972E0015BD0F /* Debug */ = {
			isa = XCBuildConfiguration;
			buildSettings = {
				ASSETCATALOG_COMPILER_APPICON_NAME = AppIcon;
				ASSETCATALOG_COMPILER_GLOBAL_ACCENT_COLOR_NAME = AccentColor;
				CODE_SIGN_ENTITLEMENTS = macOS/macOS.entitlements;
				CODE_SIGN_STYLE = Automatic;
				COMBINE_HIDPI_IMAGES = YES;
				DEVELOPMENT_TEAM = V8ESMM36RY;
				ENABLE_HARDENED_RUNTIME = YES;
				ENABLE_PREVIEWS = YES;
				INFOPLIST_FILE = macOS/Info.plist;
				LD_RUNPATH_SEARCH_PATHS = (
					"$(inherited)",
					"@executable_path/../Frameworks",
				);
				MACOSX_DEPLOYMENT_TARGET = 11.0;
				PRODUCT_BUNDLE_IDENTIFIER = "com.test.app.SwiftUI-POC";
				PRODUCT_NAME = SwiftUI_POC;
				SDKROOT = macosx;
				SWIFT_VERSION = 5.0;
			};
			name = Debug;
		};
		F10A5AB72593972E0015BD0F /* Release */ = {
			isa = XCBuildConfiguration;
			buildSettings = {
				ASSETCATALOG_COMPILER_APPICON_NAME = AppIcon;
				ASSETCATALOG_COMPILER_GLOBAL_ACCENT_COLOR_NAME = AccentColor;
				CODE_SIGN_ENTITLEMENTS = macOS/macOS.entitlements;
				CODE_SIGN_STYLE = Automatic;
				COMBINE_HIDPI_IMAGES = YES;
				DEVELOPMENT_TEAM = V8ESMM36RY;
				ENABLE_HARDENED_RUNTIME = YES;
				ENABLE_PREVIEWS = YES;
				INFOPLIST_FILE = macOS/Info.plist;
				LD_RUNPATH_SEARCH_PATHS = (
					"$(inherited)",
					"@executable_path/../Frameworks",
				);
				MACOSX_DEPLOYMENT_TARGET = 11.0;
				PRODUCT_BUNDLE_IDENTIFIER = "com.test.app.SwiftUI-POC";
				PRODUCT_NAME = SwiftUI_POC;
				SDKROOT = macosx;
				SWIFT_VERSION = 5.0;
			};
			name = Release;
		};
/* End XCBuildConfiguration section */

/* Begin XCConfigurationList section */
		F10A5A952593972E0015BD0F /* Build configuration list for PBXProject "SwiftUI_POC" */ = {
			isa = XCConfigurationList;
			buildConfigurations = (
				F10A5AB02593972E0015BD0F /* Debug */,
				F10A5AB12593972E0015BD0F /* Release */,
			);
			defaultConfigurationIsVisible = 0;
			defaultConfigurationName = Release;
		};
		F10A5AB22593972E0015BD0F /* Build configuration list for PBXNativeTarget "SwiftUI_POC (iOS)" */ = {
			isa = XCConfigurationList;
			buildConfigurations = (
				F10A5AB32593972E0015BD0F /* Debug */,
				F10A5AB42593972E0015BD0F /* Release */,
			);
			defaultConfigurationIsVisible = 0;
			defaultConfigurationName = Release;
		};
		F10A5AB52593972E0015BD0F /* Build configuration list for PBXNativeTarget "SwiftUI_POC (macOS)" */ = {
			isa = XCConfigurationList;
			buildConfigurations = (
				F10A5AB62593972E0015BD0F /* Debug */,
				F10A5AB72593972E0015BD0F /* Release */,
			);
			defaultConfigurationIsVisible = 0;
			defaultConfigurationName = Release;
		};
/* End XCConfigurationList section */
	};
	rootObject = F10A5A922593972E0015BD0F /* Project object */;
}
